
Microsoft Visual Studio Solution File, Format Version 12.00
# Visual Studio Version 17
VisualStudioVersion = 17.7.34031.279
MinimumVisualStudioVersion = 10.0.40219.1
Project("{FAE04EC0-301F-11D3-BF4B-00C04F79EFBC}") = "Ejercicios_Busqueda_LinyBin", "Ejercicios_Busqueda_LinyBin\Ejercicios_Busqueda_LinyBin.csproj", "{1557FFBB-669C-45F2-AE02-257450730DAC}"
EndProject
Global
	GlobalSection(SolutionConfigurationPlatforms) = preSolution
		Debug|Any CPU = Debug|Any CPU
		Release|Any CPU = Release|Any CPU
	EndGlobalSection
	GlobalSection(ProjectConfigurationPlatforms) = postSolution
		{1557FFBB-669C-45F2-AE02-257450730DAC}.Debug|Any CPU.ActiveCfg = Debug|Any CPU
		{1557FFBB-669C-45F2-AE02-257450730DAC}.Debug|Any CPU.Build.0 = Debug|Any CPU
		{1557FFBB-669C-45F2-AE02-257450730DAC}.Release|Any CPU.ActiveCfg = Release|Any CPU
		{1557FFBB-669C-45F2-AE02-257450730DAC}.Release|Any CPU.Build.0 = Release|Any CPU
	EndGlobalSection
	GlobalSection(SolutionProperties) = preSolution
		HideSolutionNode = FALSE
	EndGlobalSection
	GlobalSection(ExtensibilityGlobals) = postSolution
		SolutionGuid = {11DEC39E-F721-4605-8882-4279831EAE36}
	EndGlobalSection
EndGlobal
